
Microsoft Visual Studio Solution File, Format Version 11.00
# Visual Studio 2010 Express for Windows Phone
Project("{FAE04EC0-301F-11D3-BF4B-00C04F79EFBC}") = "Calculator", "Calculator\Calculator.csproj", "{ADD214B6-0BC5-4C5B-B696-A4932796994D}"
EndProject
Global
	GlobalSection(SolutionConfigurationPlatforms) = preSolution
		Debug|Any CPU = Debug|Any CPU
		Release|Any CPU = Release|Any CPU
	EndGlobalSection
	GlobalSection(ProjectConfigurationPlatforms) = postSolution
		{ADD214B6-0BC5-4C5B-B696-A4932796994D}.Debug|Any CPU.ActiveCfg = Debug|Any CPU
		{ADD214B6-0BC5-4C5B-B696-A4932796994D}.Debug|Any CPU.Build.0 = Debug|Any CPU
		{ADD214B6-0BC5-4C5B-B696-A4932796994D}.Debug|Any CPU.Deploy.0 = Debug|Any CPU
		{ADD214B6-0BC5-4C5B-B696-A4932796994D}.Release|Any CPU.ActiveCfg = Release|Any CPU
		{ADD214B6-0BC5-4C5B-B696-A4932796994D}.Release|Any CPU.Build.0 = Release|Any CPU
		{ADD214B6-0BC5-4C5B-B696-A4932796994D}.Release|Any CPU.Deploy.0 = Release|Any CPU
	EndGlobalSection
	GlobalSection(SolutionProperties) = preSolution
		HideSolutionNode = FALSE
	EndGlobalSection
EndGlobal
